
Microsoft Visual Studio Solution File, Format Version 12.00
# Visual Studio Version 17
VisualStudioVersion = 17.5.33103.201
MinimumVisualStudioVersion = 10.0.40219.1
Project("{FAE04EC0-301F-11D3-BF4B-00C04F79EFBC}") = "StatusApp.Server", "StatusApp.Server/StatusApp.Server.csproj", "{2FD2A225-B2E8-4EE9-92AF-7FFADCF6B549}"
EndProject
Project("{FAE04EC0-301F-11D3-BF4B-00C04F79EFBC}") = "StatusApp.Server.Tests", "StatusApp.Server.Tests\StatusApp.Server.Tests.csproj", "{3560ADA8-9356-404A-AC31-CBA25E953A7D}"
EndProject
Project("{FAE04EC0-301F-11D3-BF4B-00C04F79EFBC}") = "StatusApp.WebUI", "StatusApp.WebUI\StatusApp.WebUI.csproj", "{41B0E355-1BAC-4762-836A-D6870F1A4DEA}"
EndProject
Project("{2150E333-8FDC-42A3-9474-1A3956D46DE8}") = "Solution Items", "Solution Items", "{23A8B2E2-B2A0-4E13-9C1B-41DFD0CF5463}"
	ProjectSection(SolutionItems) = preProject
		README.md = README.md
		.gitignore = .gitignore
		.csharpierrc = .csharpierrc
		.github\bicep\main.bicep = .github\bicep\main.bicep
		.github\bicep\main.parameters.json = .github\bicep\main.parameters.json
		.github\workflows\azure-static-web-apps-red-ground-0805be400.yml = .github\workflows\azure-static-web-apps-red-ground-0805be400.yml
		.github\workflows\master_statusapp1.yml = .github\workflows\master_statusapp1.yml
	EndProjectSection
EndProject
Global
	GlobalSection(SolutionConfigurationPlatforms) = preSolution
		Debug|Any CPU = Debug|Any CPU
		Release|Any CPU = Release|Any CPU
	EndGlobalSection
	GlobalSection(ProjectConfigurationPlatforms) = postSolution
		{2FD2A225-B2E8-4EE9-92AF-7FFADCF6B549}.Debug|Any CPU.ActiveCfg = Debug|Any CPU
		{2FD2A225-B2E8-4EE9-92AF-7FFADCF6B549}.Debug|Any CPU.Build.0 = Debug|Any CPU
		{2FD2A225-B2E8-4EE9-92AF-7FFADCF6B549}.Release|Any CPU.ActiveCfg = Release|Any CPU
		{2FD2A225-B2E8-4EE9-92AF-7FFADCF6B549}.Release|Any CPU.Build.0 = Release|Any CPU
		{3560ADA8-9356-404A-AC31-CBA25E953A7D}.Debug|Any CPU.ActiveCfg = Debug|Any CPU
		{3560ADA8-9356-404A-AC31-CBA25E953A7D}.Debug|Any CPU.Build.0 = Debug|Any CPU
		{3560ADA8-9356-404A-AC31-CBA25E953A7D}.Release|Any CPU.ActiveCfg = Release|Any CPU
		{3560ADA8-9356-404A-AC31-CBA25E953A7D}.Release|Any CPU.Build.0 = Release|Any CPU
		{41B0E355-1BAC-4762-836A-D6870F1A4DEA}.Debug|Any CPU.ActiveCfg = Debug|Any CPU
		{41B0E355-1BAC-4762-836A-D6870F1A4DEA}.Debug|Any CPU.Build.0 = Debug|Any CPU
		{41B0E355-1BAC-4762-836A-D6870F1A4DEA}.Release|Any CPU.ActiveCfg = Release|Any CPU
		{41B0E355-1BAC-4762-836A-D6870F1A4DEA}.Release|Any CPU.Build.0 = Release|Any CPU
	EndGlobalSection
	GlobalSection(SolutionProperties) = preSolution
		HideSolutionNode = FALSE
	EndGlobalSection
	GlobalSection(ExtensibilityGlobals) = postSolution
		SolutionGuid = {467F516A-DFE2-4E5B-A19A-B1B6456AC821}
	EndGlobalSection
EndGlobal
